
Microsoft Visual Studio Solution File, Format Version 12.00
# Visual Studio Version 17
VisualStudioVersion = 17.2.32516.85
MinimumVisualStudioVersion = 10.0.40219.1
Project("{FAE04EC0-301F-11D3-BF4B-00C04F79EFBC}") = "Pujcovna", "Pujcovna\Pujcovna.csproj", "{7AC1B914-D2B2-4085-804F-6A194DB94900}"
EndProject
Global
	GlobalSection(SolutionConfigurationPlatforms) = preSolution
		Debug|Any CPU = Debug|Any CPU
		Release|Any CPU = Release|Any CPU
	EndGlobalSection
	GlobalSection(ProjectConfigurationPlatforms) = postSolution
		{7AC1B914-D2B2-4085-804F-6A194DB94900}.Debug|Any CPU.ActiveCfg = Debug|Any CPU
		{7AC1B914-D2B2-4085-804F-6A194DB94900}.Debug|Any CPU.Build.0 = Debug|Any CPU
		{7AC1B914-D2B2-4085-804F-6A194DB94900}.Release|Any CPU.ActiveCfg = Release|Any CPU
		{7AC1B914-D2B2-4085-804F-6A194DB94900}.Release|Any CPU.Build.0 = Release|Any CPU
	EndGlobalSection
	GlobalSection(SolutionProperties) = preSolution
		HideSolutionNode = FALSE
	EndGlobalSection
	GlobalSection(ExtensibilityGlobals) = postSolution
		SolutionGuid = {23C516B6-628D-4918-9F78-6A783F4784B2}
	EndGlobalSection
EndGlobal
